
Microsoft Visual Studio Solution File, Format Version 12.00
# Visual Studio Version 16
VisualStudioVersion = 16.0.29806.167
MinimumVisualStudioVersion = 10.0.40219.1
Project("{FAE04EC0-301F-11D3-BF4B-00C04F79EFBC}") = "Lab2p1", "Lab2p1\Lab2p1.csproj", "{D0949749-67FA-4621-9542-2C9B7E5C08BE}"
EndProject
Global
	GlobalSection(SolutionConfigurationPlatforms) = preSolution
		Debug|Any CPU = Debug|Any CPU
		Release|Any CPU = Release|Any CPU
	EndGlobalSection
	GlobalSection(ProjectConfigurationPlatforms) = postSolution
		{D0949749-67FA-4621-9542-2C9B7E5C08BE}.Debug|Any CPU.ActiveCfg = Debug|Any CPU
		{D0949749-67FA-4621-9542-2C9B7E5C08BE}.Debug|Any CPU.Build.0 = Debug|Any CPU
		{D0949749-67FA-4621-9542-2C9B7E5C08BE}.Release|Any CPU.ActiveCfg = Release|Any CPU
		{D0949749-67FA-4621-9542-2C9B7E5C08BE}.Release|Any CPU.Build.0 = Release|Any CPU
	EndGlobalSection
	GlobalSection(SolutionProperties) = preSolution
		HideSolutionNode = FALSE
	EndGlobalSection
	GlobalSection(ExtensibilityGlobals) = postSolution
		SolutionGuid = {D84F166F-D78B-4641-B760-E7B69669B720}
	EndGlobalSection
EndGlobal
